<?xml version="1.0" encoding="utf-8"?>
<Project ToolsVersion="4.0" xmlns="http://schemas.microsoft.com/developer/msbuild/2003">
  <ItemGroup>
    <Filter Include="Source Files">
      <UniqueIdentifier>{4FC737F1-C7A5-4376-A066-2A32D752A2FF}</UniqueIdentifier>
      <Extensions>cpp;c;cc;cxx;def;odl;idl;hpj;bat;asm;asmx</Extensions>
    </Filter>
    <Filter Include="Header Files">
      <UniqueIdentifier>{93995380-89BD-4b04-88EB-625FBE52EBFB}</UniqueIdentifier>
      <Extensions>h;hpp;hxx;hm;inl;inc;xsd</Extensions>
    </Filter>
    <Filter Include="Resource Files">
      <UniqueIdentifier>{67DA6AB6-F800-4c08-8B7A-83BB121AAD01}</UniqueIdentifier>
      <Extensions>rc;ico;cur;bmp;dlg;rc2;rct;bin;rgs;gif;jpg;jpeg;jpe;resx;tiff;tif;png;wav;mfcribbon-ms</Extensions>
    </Filter>
    <Filter Include="Source Files\Lexicon_Lua">
      <UniqueIdentifier>{d44c2328-a21f-4389-9e81-3c69ef789ec2}</UniqueIdentifier>
    </Filter>
    <Filter Include="Header Files\Lexicon_Lua">
      <UniqueIdentifier>{fa7a0c5b-9b11-49ec-8c93-32e5529eaef6}</UniqueIdentifier>
    </Filter>
  </ItemGroup>
  <ItemGroup>
    <ClInclude Include="Wrench_Lexicon.h">
      <Filter>Header Files</Filter>
    </ClInclude>
    <ClInclude Include="Wrench_Lua.h">
      <Filter>Header Files\Lexicon_Lua</Filter>
    </ClInclude>
  </ItemGroup>
</Project>