<?xml version="1.0" encoding="utf-8"?>
<Project ToolsVersion="4.0" xmlns="http://schemas.microsoft.com/developer/msbuild/2003">
  <ItemGroup>
    <Filter Include="Source Files">
      <UniqueIdentifier>{4FC737F1-C7A5-4376-A066-2A32D752A2FF}</UniqueIdentifier>
      <Extensions>cpp;c;cc;cxx;def;odl;idl;hpj;bat;asm;asmx</Extensions>
    </Filter>
    <Filter Include="Header Files">
      <UniqueIdentifier>{93995380-89BD-4b04-88EB-625FBE52EBFB}</UniqueIdentifier>
      <Extensions>h;hpp;hxx;hm;inl;inc;xsd</Extensions>
    </Filter>
    <Filter Include="Header Files\Wrench_Time">
      <UniqueIdentifier>{cde5f853-4d08-4af6-a0b5-2b685e1b3893}</UniqueIdentifier>
    </Filter>
    <Filter Include="Source Files\Wrench_Time">
      <UniqueIdentifier>{ec421b8c-8583-499e-9db7-7eeaffdf8939}</UniqueIdentifier>
    </Filter>
    <Filter Include="Header Files\Wrench_Memory">
      <UniqueIdentifier>{58180306-3209-4308-a0ab-bbd7e99fe446}</UniqueIdentifier>
    </Filter>
    <Filter Include="Source Files\Wrench_Memory">
      <UniqueIdentifier>{28820dae-c7bd-405c-ae5d-6da97861ea18}</UniqueIdentifier>
    </Filter>
    <Filter Include="Header Files\Wrench_Logging">
      <UniqueIdentifier>{713d0bb2-c3c6-4b5a-b77f-8c534031aeab}</UniqueIdentifier>
    </Filter>
    <Filter Include="Source Files\Wrench_Logging">
      <UniqueIdentifier>{db865a75-e315-4776-9647-b640f774236b}</UniqueIdentifier>
    </Filter>
    <Filter Include="Header Files\Wrench_Threading">
      <UniqueIdentifier>{815e2259-e8f1-482b-8e4b-f84228496801}</UniqueIdentifier>
    </Filter>
    <Filter Include="Source Files\Wrench_Threading">
      <UniqueIdentifier>{3405e238-c930-40b1-b2fb-3406ffb07456}</UniqueIdentifier>
    </Filter>
    <Filter Include="Header Files\Wrench_Shellcode">
      <UniqueIdentifier>{180d182c-df81-4ed1-8020-fc6e3ca69a38}</UniqueIdentifier>
    </Filter>
    <Filter Include="Source Files\Wrench_Shellcode">
      <UniqueIdentifier>{3a293fdd-6997-4724-9ccb-803973e4a5f8}</UniqueIdentifier>
    </Filter>
    <Filter Include="Header Files\Wrench_Net">
      <UniqueIdentifier>{acc82338-be39-43c9-b0fd-edf452bddfae}</UniqueIdentifier>
    </Filter>
    <Filter Include="Source Files\Wrench_Net">
      <UniqueIdentifier>{e7b7a6f1-dc03-492f-9c88-e83c66be73f2}</UniqueIdentifier>
    </Filter>
    <Filter Include="Source Files\Resource Files">
      <UniqueIdentifier>{67DA6AB6-F800-4c08-8B7A-83BB121AAD01}</UniqueIdentifier>
      <Extensions>rc;ico;cur;bmp;dlg;rc2;rct;bin;rgs;gif;jpg;jpeg;jpe;resx;tiff;tif;png;wav;mfcribbon-ms</Extensions>
    </Filter>
    <Filter Include="Source Files\Wrench_Manipulation">
      <UniqueIdentifier>{2465ad60-601c-4d21-9029-1ac41ca6dfc6}</UniqueIdentifier>
    </Filter>
    <Filter Include="Header Files\Wrench_Manipulation">
      <UniqueIdentifier>{e9362195-8131-4a4e-9ff2-4c4f527b8171}</UniqueIdentifier>
    </Filter>
    <Filter Include="Header Files\Wrench_Storage">
      <UniqueIdentifier>{7b44cb71-5219-41a7-b613-00c028b4eac9}</UniqueIdentifier>
    </Filter>
  </ItemGroup>
  <ItemGroup>
    <ClCompile Include="Wrench_Timer.cpp">
      <Filter>Source Files\Wrench_Time</Filter>
    </ClCompile>
    <ClCompile Include="Wrench_Memory.cpp">
      <Filter>Source Files\Wrench_Memory</Filter>
    </ClCompile>
    <ClCompile Include="Wrench_Logging.cpp">
      <Filter>Source Files\Wrench_Logging</Filter>
    </ClCompile>
    <ClCompile Include="Wrench_Thread.cpp">
      <Filter>Source Files\Wrench_Threading</Filter>
    </ClCompile>
    <ClCompile Include="Wrench_Shellcode.cpp">
      <Filter>Source Files\Wrench_Shellcode</Filter>
    </ClCompile>
    <ClCompile Include="Wrench_Manipulation.cpp">
      <Filter>Source Files\Wrench_Manipulation</Filter>
    </ClCompile>
    <ClCompile Include="Wrench_Net.cpp">
      <Filter>Source Files\Wrench_Net</Filter>
    </ClCompile>
  </ItemGroup>
  <ItemGroup>
    <ClInclude Include="Wrench_Timer.h">
      <Filter>Header Files\Wrench_Time</Filter>
    </ClInclude>
    <ClInclude Include="Wrench_Memory.h">
      <Filter>Header Files\Wrench_Memory</Filter>
    </ClInclude>
    <ClInclude Include="Wrench_Logging.h">
      <Filter>Header Files\Wrench_Logging</Filter>
    </ClInclude>
    <ClInclude Include="Wrench_Thread.h">
      <Filter>Header Files\Wrench_Threading</Filter>
    </ClInclude>
    <ClInclude Include="Wrench_Shellcode.h">
      <Filter>Header Files\Wrench_Shellcode</Filter>
    </ClInclude>
    <ClInclude Include="Wrench_Manipulation.h">
      <Filter>Header Files\Wrench_Manipulation</Filter>
    </ClInclude>
    <ClInclude Include="Wrench.h">
      <Filter>Header Files</Filter>
    </ClInclude>
    <ClInclude Include="Wrench_Net.h">
      <Filter>Header Files\Wrench_Net</Filter>
    </ClInclude>
    <ClInclude Include="Wrench_Metamap.h">
      <Filter>Header Files\Wrench_Storage</Filter>
    </ClInclude>
  </ItemGroup>
</Project>